
Microsoft Visual Studio Solution File, Format Version 12.00
# Visual Studio Version 17
VisualStudioVersion = 17.2.32519.379
MinimumVisualStudioVersion = 10.0.40219.1
Project("{FAE04EC0-301F-11D3-BF4B-00C04F79EFBC}") = "WarPreparations", "WarPreparations.csproj", "{088F3048-B921-4F0F-90EF-CE34AF23151D}"
EndProject
Global
	GlobalSection(SolutionConfigurationPlatforms) = preSolution
		Debug|Any CPU = Debug|Any CPU
		Release|Any CPU = Release|Any CPU
	EndGlobalSection
	GlobalSection(ProjectConfigurationPlatforms) = postSolution
		{088F3048-B921-4F0F-90EF-CE34AF23151D}.Debug|Any CPU.ActiveCfg = Debug|Any CPU
		{088F3048-B921-4F0F-90EF-CE34AF23151D}.Debug|Any CPU.Build.0 = Debug|Any CPU
		{088F3048-B921-4F0F-90EF-CE34AF23151D}.Release|Any CPU.ActiveCfg = Release|Any CPU
		{088F3048-B921-4F0F-90EF-CE34AF23151D}.Release|Any CPU.Build.0 = Release|Any CPU
	EndGlobalSection
	GlobalSection(SolutionProperties) = preSolution
		HideSolutionNode = FALSE
	EndGlobalSection
	GlobalSection(ExtensibilityGlobals) = postSolution
		SolutionGuid = {6AD3D80F-F384-41C7-AEEB-FF7941FC3414}
	EndGlobalSection
EndGlobal
