
Microsoft Visual Studio Solution File, Format Version 12.00
# Visual Studio Version 17
VisualStudioVersion = 17.2.32519.379
MinimumVisualStudioVersion = 10.0.40219.1
Project("{FAE04EC0-301F-11D3-BF4B-00C04F79EFBC}") = "BuyingInventory", "BuyingInventory.csproj", "{D3977CCF-5415-4EDF-8969-BCA6CD13BFFD}"
EndProject
Global
	GlobalSection(SolutionConfigurationPlatforms) = preSolution
		Debug|Any CPU = Debug|Any CPU
		Release|Any CPU = Release|Any CPU
	EndGlobalSection
	GlobalSection(ProjectConfigurationPlatforms) = postSolution
		{D3977CCF-5415-4EDF-8969-BCA6CD13BFFD}.Debug|Any CPU.ActiveCfg = Debug|Any CPU
		{D3977CCF-5415-4EDF-8969-BCA6CD13BFFD}.Debug|Any CPU.Build.0 = Debug|Any CPU
		{D3977CCF-5415-4EDF-8969-BCA6CD13BFFD}.Release|Any CPU.ActiveCfg = Release|Any CPU
		{D3977CCF-5415-4EDF-8969-BCA6CD13BFFD}.Release|Any CPU.Build.0 = Release|Any CPU
	EndGlobalSection
	GlobalSection(SolutionProperties) = preSolution
		HideSolutionNode = FALSE
	EndGlobalSection
	GlobalSection(ExtensibilityGlobals) = postSolution
		SolutionGuid = {B77920B3-DD6E-48A4-8FBF-694590F5F7D9}
	EndGlobalSection
EndGlobal
