
Microsoft Visual Studio Solution File, Format Version 12.00
# Visual Studio Version 17
VisualStudioVersion = 17.2.32519.379
MinimumVisualStudioVersion = 10.0.40219.1
Project("{FAE04EC0-301F-11D3-BF4B-00C04F79EFBC}") = "ThePrototype", "ThePrototype.csproj", "{60936E68-F4D3-473F-A7C9-4E97F1692DF4}"
EndProject
Global
	GlobalSection(SolutionConfigurationPlatforms) = preSolution
		Debug|Any CPU = Debug|Any CPU
		Release|Any CPU = Release|Any CPU
	EndGlobalSection
	GlobalSection(ProjectConfigurationPlatforms) = postSolution
		{60936E68-F4D3-473F-A7C9-4E97F1692DF4}.Debug|Any CPU.ActiveCfg = Debug|Any CPU
		{60936E68-F4D3-473F-A7C9-4E97F1692DF4}.Debug|Any CPU.Build.0 = Debug|Any CPU
		{60936E68-F4D3-473F-A7C9-4E97F1692DF4}.Release|Any CPU.ActiveCfg = Release|Any CPU
		{60936E68-F4D3-473F-A7C9-4E97F1692DF4}.Release|Any CPU.Build.0 = Release|Any CPU
	EndGlobalSection
	GlobalSection(SolutionProperties) = preSolution
		HideSolutionNode = FALSE
	EndGlobalSection
	GlobalSection(ExtensibilityGlobals) = postSolution
		SolutionGuid = {65E8B2CA-3DB3-4B14-877E-9B3FE8123933}
	EndGlobalSection
EndGlobal
