
Microsoft Visual Studio Solution File, Format Version 12.00
# Visual Studio Version 17
VisualStudioVersion = 17.2.32519.379
MinimumVisualStudioVersion = 10.0.40219.1
Project("{FAE04EC0-301F-11D3-BF4B-00C04F79EFBC}") = "ColoredItems", "ColoredItems.csproj", "{A57656F9-80FB-44B8-9078-49881DC919A7}"
EndProject
Global
	GlobalSection(SolutionConfigurationPlatforms) = preSolution
		Debug|Any CPU = Debug|Any CPU
		Release|Any CPU = Release|Any CPU
	EndGlobalSection
	GlobalSection(ProjectConfigurationPlatforms) = postSolution
		{A57656F9-80FB-44B8-9078-49881DC919A7}.Debug|Any CPU.ActiveCfg = Debug|Any CPU
		{A57656F9-80FB-44B8-9078-49881DC919A7}.Debug|Any CPU.Build.0 = Debug|Any CPU
		{A57656F9-80FB-44B8-9078-49881DC919A7}.Release|Any CPU.ActiveCfg = Release|Any CPU
		{A57656F9-80FB-44B8-9078-49881DC919A7}.Release|Any CPU.Build.0 = Release|Any CPU
	EndGlobalSection
	GlobalSection(SolutionProperties) = preSolution
		HideSolutionNode = FALSE
	EndGlobalSection
	GlobalSection(ExtensibilityGlobals) = postSolution
		SolutionGuid = {97CE5E03-6FA2-4029-B345-C80646CB909A}
	EndGlobalSection
EndGlobal
