
Microsoft Visual Studio Solution File, Format Version 12.00
# Visual Studio Version 17
VisualStudioVersion = 17.2.32519.379
MinimumVisualStudioVersion = 10.0.40219.1
Project("{FAE04EC0-301F-11D3-BF4B-00C04F79EFBC}") = "TheMagicCannon", "TheMagicCannon.csproj", "{5473074C-2F32-487D-A5FF-5BBF0CB40DCF}"
EndProject
Global
	GlobalSection(SolutionConfigurationPlatforms) = preSolution
		Debug|Any CPU = Debug|Any CPU
		Release|Any CPU = Release|Any CPU
	EndGlobalSection
	GlobalSection(ProjectConfigurationPlatforms) = postSolution
		{5473074C-2F32-487D-A5FF-5BBF0CB40DCF}.Debug|Any CPU.ActiveCfg = Debug|Any CPU
		{5473074C-2F32-487D-A5FF-5BBF0CB40DCF}.Debug|Any CPU.Build.0 = Debug|Any CPU
		{5473074C-2F32-487D-A5FF-5BBF0CB40DCF}.Release|Any CPU.ActiveCfg = Release|Any CPU
		{5473074C-2F32-487D-A5FF-5BBF0CB40DCF}.Release|Any CPU.Build.0 = Release|Any CPU
	EndGlobalSection
	GlobalSection(SolutionProperties) = preSolution
		HideSolutionNode = FALSE
	EndGlobalSection
	GlobalSection(ExtensibilityGlobals) = postSolution
		SolutionGuid = {AFB5B66E-4D48-477C-BF7E-81D267B89697}
	EndGlobalSection
EndGlobal
